
Microsoft Visual Studio Solution File, Format Version 12.00
# Visual Studio 2015
Project("{FAE04EC0-301F-11D3-BF4B-00C04F79EFBC}") = "ptt.Plugins", "ptt.Plugins.csproj", "{0A641D74-8B81-00D8-181E-309D0327925A}"
EndProject
Project("{FAE04EC0-301F-11D3-BF4B-00C04F79EFBC}") = "ptt", "ptt.csproj", "{C1363CC5-A152-C910-228A-7704CF0E813F}"
EndProject
Global
	GlobalSection(SolutionConfigurationPlatforms) = preSolution
		Debug|Any CPU = Debug|Any CPU
		Release|Any CPU = Release|Any CPU
	EndGlobalSection
	GlobalSection(ProjectConfigurationPlatforms) = postSolution
		{0A641D74-8B81-00D8-181E-309D0327925A}.Debug|Any CPU.ActiveCfg = Debug|Any CPU
		{0A641D74-8B81-00D8-181E-309D0327925A}.Debug|Any CPU.Build.0 = Debug|Any CPU
		{0A641D74-8B81-00D8-181E-309D0327925A}.Release|Any CPU.ActiveCfg = Release|Any CPU
		{0A641D74-8B81-00D8-181E-309D0327925A}.Release|Any CPU.Build.0 = Release|Any CPU
		{C1363CC5-A152-C910-228A-7704CF0E813F}.Debug|Any CPU.ActiveCfg = Debug|Any CPU
		{C1363CC5-A152-C910-228A-7704CF0E813F}.Debug|Any CPU.Build.0 = Debug|Any CPU
		{C1363CC5-A152-C910-228A-7704CF0E813F}.Release|Any CPU.ActiveCfg = Release|Any CPU
		{C1363CC5-A152-C910-228A-7704CF0E813F}.Release|Any CPU.Build.0 = Release|Any CPU
	EndGlobalSection
	GlobalSection(SolutionProperties) = preSolution
		HideSolutionNode = FALSE
	EndGlobalSection
EndGlobal
