Microsoft Visual Studio Solution File, Format Version 11.00
# Visual Studio 2008

Project("{3D2B891E-87F5-8587-DCF5-6E520915AFEF}") = "Scenario 2", "Assembly-CSharp-firstpass.csproj", "{6AE0366E-B4B8-391E-34BA-7AEB7FF0F04A}"
EndProject
Project("{3D2B891E-87F5-8587-DCF5-6E520915AFEF}") = "Scenario 2", "Assembly-CSharp.csproj", "{A2C52DC4-BE03-9FFD-BD1F-5F0E7C22161E}"
EndProject
Global
	GlobalSection(SolutionConfigurationPlatforms) = preSolution
		Debug|Any CPU = Debug|Any CPU
		Release|Any CPU = Release|Any CPU
	EndGlobalSection
	GlobalSection(ProjectConfigurationPlatforms) = postSolution
		{6AE0366E-B4B8-391E-34BA-7AEB7FF0F04A}.Debug|Any CPU.ActiveCfg = Debug|Any CPU
		{6AE0366E-B4B8-391E-34BA-7AEB7FF0F04A}.Debug|Any CPU.Build.0 = Debug|Any CPU
		{6AE0366E-B4B8-391E-34BA-7AEB7FF0F04A}.Release|Any CPU.ActiveCfg = Release|Any CPU
		{6AE0366E-B4B8-391E-34BA-7AEB7FF0F04A}.Release|Any CPU.Build.0 = Release|Any CPU
		{A2C52DC4-BE03-9FFD-BD1F-5F0E7C22161E}.Debug|Any CPU.ActiveCfg = Debug|Any CPU
		{A2C52DC4-BE03-9FFD-BD1F-5F0E7C22161E}.Debug|Any CPU.Build.0 = Debug|Any CPU
		{A2C52DC4-BE03-9FFD-BD1F-5F0E7C22161E}.Release|Any CPU.ActiveCfg = Release|Any CPU
		{A2C52DC4-BE03-9FFD-BD1F-5F0E7C22161E}.Release|Any CPU.Build.0 = Release|Any CPU
	EndGlobalSection
	GlobalSection(SolutionProperties) = preSolution
		HideSolutionNode = FALSE
	EndGlobalSection
	GlobalSection(MonoDevelopProperties) = preSolution
		StartupItem = Assembly-CSharp.csproj
	EndGlobalSection
EndGlobal
