
Microsoft Visual Studio Solution File, Format Version 12.00
# Visual Studio 2015
Project("{FAE04EC0-301F-11D3-BF4B-00C04F79EFBC}") = "Scenario 3.CSharp.Plugins", "Scenario 3.CSharp.Plugins.csproj", "{0A9784F7-F483-70CE-97B1-B69E85E37C10}"
EndProject
Project("{FAE04EC0-301F-11D3-BF4B-00C04F79EFBC}") = "Scenario 3.CSharp", "Scenario 3.CSharp.csproj", "{33E95E11-EC2C-33F2-E328-E36E0833FBA9}"
EndProject
Global
	GlobalSection(SolutionConfigurationPlatforms) = preSolution
		Debug|Any CPU = Debug|Any CPU
		Release|Any CPU = Release|Any CPU
	EndGlobalSection
	GlobalSection(ProjectConfigurationPlatforms) = postSolution
		{0A9784F7-F483-70CE-97B1-B69E85E37C10}.Debug|Any CPU.ActiveCfg = Debug|Any CPU
		{0A9784F7-F483-70CE-97B1-B69E85E37C10}.Debug|Any CPU.Build.0 = Debug|Any CPU
		{0A9784F7-F483-70CE-97B1-B69E85E37C10}.Release|Any CPU.ActiveCfg = Release|Any CPU
		{0A9784F7-F483-70CE-97B1-B69E85E37C10}.Release|Any CPU.Build.0 = Release|Any CPU
		{33E95E11-EC2C-33F2-E328-E36E0833FBA9}.Debug|Any CPU.ActiveCfg = Debug|Any CPU
		{33E95E11-EC2C-33F2-E328-E36E0833FBA9}.Debug|Any CPU.Build.0 = Debug|Any CPU
		{33E95E11-EC2C-33F2-E328-E36E0833FBA9}.Release|Any CPU.ActiveCfg = Release|Any CPU
		{33E95E11-EC2C-33F2-E328-E36E0833FBA9}.Release|Any CPU.Build.0 = Release|Any CPU
	EndGlobalSection
	GlobalSection(SolutionProperties) = preSolution
		HideSolutionNode = FALSE
	EndGlobalSection
EndGlobal
